
Microsoft Visual Studio Solution File, Format Version 12.00
# Visual Studio Version 16
VisualStudioVersion = 16.0.29025.244
MinimumVisualStudioVersion = 10.0.40219.1
Project("{FAE04EC0-301F-11D3-BF4B-00C04F79EFBC}") = "GitSyncSetup", "GitSyncSetup\GitSyncSetup.csproj", "{19ECF0B0-2D6E-4D71-ACC3-D6ABD292155A}"
EndProject
Global
	GlobalSection(SolutionConfigurationPlatforms) = preSolution
		Debug|Any CPU = Debug|Any CPU
		Release|Any CPU = Release|Any CPU
	EndGlobalSection
	GlobalSection(ProjectConfigurationPlatforms) = postSolution
		{19ECF0B0-2D6E-4D71-ACC3-D6ABD292155A}.Debug|Any CPU.ActiveCfg = Debug|Any CPU
		{19ECF0B0-2D6E-4D71-ACC3-D6ABD292155A}.Debug|Any CPU.Build.0 = Debug|Any CPU
		{19ECF0B0-2D6E-4D71-ACC3-D6ABD292155A}.Release|Any CPU.ActiveCfg = Release|Any CPU
		{19ECF0B0-2D6E-4D71-ACC3-D6ABD292155A}.Release|Any CPU.Build.0 = Release|Any CPU
	EndGlobalSection
	GlobalSection(SolutionProperties) = preSolution
		HideSolutionNode = FALSE
	EndGlobalSection
	GlobalSection(ExtensibilityGlobals) = postSolution
		SolutionGuid = {6B7CC3BD-9923-42BB-B297-5B79F275850B}
	EndGlobalSection
EndGlobal
